
Microsoft Visual Studio Solution File, Format Version 12.00
# Visual Studio Version 17
VisualStudioVersion = 17.14.36408.4
MinimumVisualStudioVersion = 10.0.40219.1
Project("{FAE04EC0-301F-11D3-BF4B-00C04F79EFBC}") = "LoggerWithInternalLogger", "LoggerWithInternalLogger\LoggerWithInternalLogger.csproj", "{101CDA66-01DF-4C0D-B38F-497CEFE38F7B}"
EndProject
Project("{FAE04EC0-301F-11D3-BF4B-00C04F79EFBC}") = "LoggerDraft", "LoggerDraft\LoggerDraft.csproj", "{6D3870DD-5462-56E9-7FD2-E08EA3EF1826}"
EndProject
Global
	GlobalSection(SolutionConfigurationPlatforms) = preSolution
		Debug|Any CPU = Debug|Any CPU
		Release|Any CPU = Release|Any CPU
	EndGlobalSection
	GlobalSection(ProjectConfigurationPlatforms) = postSolution
		{101CDA66-01DF-4C0D-B38F-497CEFE38F7B}.Debug|Any CPU.ActiveCfg = Debug|Any CPU
		{101CDA66-01DF-4C0D-B38F-497CEFE38F7B}.Debug|Any CPU.Build.0 = Debug|Any CPU
		{101CDA66-01DF-4C0D-B38F-497CEFE38F7B}.Release|Any CPU.ActiveCfg = Release|Any CPU
		{101CDA66-01DF-4C0D-B38F-497CEFE38F7B}.Release|Any CPU.Build.0 = Release|Any CPU
		{6D3870DD-5462-56E9-7FD2-E08EA3EF1826}.Debug|Any CPU.ActiveCfg = Debug|Any CPU
		{6D3870DD-5462-56E9-7FD2-E08EA3EF1826}.Debug|Any CPU.Build.0 = Debug|Any CPU
		{6D3870DD-5462-56E9-7FD2-E08EA3EF1826}.Release|Any CPU.ActiveCfg = Release|Any CPU
		{6D3870DD-5462-56E9-7FD2-E08EA3EF1826}.Release|Any CPU.Build.0 = Release|Any CPU
	EndGlobalSection
	GlobalSection(SolutionProperties) = preSolution
		HideSolutionNode = FALSE
	EndGlobalSection
	GlobalSection(ExtensibilityGlobals) = postSolution
		SolutionGuid = {5B77E804-DDD2-4958-A0EB-64555C3D194F}
	EndGlobalSection
EndGlobal
